// !$*UTF8*$!
{
	archiveVersion = 1;
	classes = {
	};
	objectVersion = 48;
	objects = {

/* Begin PBXBuildFile section */
		E92E0F1E1FBA88A100CA55DD /* Projects.swift in Sources */ = {isa = PBXBuildFile; fileRef = E92E0F1D1FBA88A100CA55DD /* Projects.swift */; };
		E92E0F201FBA890100CA55DD /* Hierarchies.swift in Sources */ = {isa = PBXBuildFile; fileRef = E92E0F1F1FBA890100CA55DD /* Hierarchies.swift */; };
		E92E0F221FBA8A0200CA55DD /* Groups.swift in Sources */ = {isa = PBXBuildFile; fileRef = E92E0F211FBA8A0200CA55DD /* Groups.swift */; };
		E92E0F241FBA8A1300CA55DD /* Tasks.swift in Sources */ = {isa = PBXBuildFile; fileRef = E92E0F231FBA8A1300CA55DD /* Tasks.swift */; };
		E92E0F261FBA8CDD00CA55DD /* ProjectViewController.swift in Sources */ = {isa = PBXBuildFile; fileRef = E92E0F251FBA8CDD00CA55DD /* ProjectViewController.swift */; };
		E92E0F281FBA8DA000CA55DD /* FetchedResultsTableViewController.swift in Sources */ = {isa = PBXBuildFile; fileRef = E92E0F271FBA8DA000CA55DD /* FetchedResultsTableViewController.swift */; };
		E92E0F2A1FBA8F1E00CA55DD /* UniversalExtentions.swift in Sources */ = {isa = PBXBuildFile; fileRef = E92E0F291FBA8F1E00CA55DD /* UniversalExtentions.swift */; };
		E92E0F2C1FBA9C0B00CA55DD /* OutlineDetailTableViewController.swift in Sources */ = {isa = PBXBuildFile; fileRef = E92E0F2B1FBA9C0B00CA55DD /* OutlineDetailTableViewController.swift */; };
		E9392CA41FB6804700171F5B /* AppDelegate.swift in Sources */ = {isa = PBXBuildFile; fileRef = E9392CA31FB6804700171F5B /* AppDelegate.swift */; };
		E9392CA81FB6804700171F5B /* SecondViewController.swift in Sources */ = {isa = PBXBuildFile; fileRef = E9392CA71FB6804700171F5B /* SecondViewController.swift */; };
		E9392CAB1FB6804700171F5B /* Main.storyboard in Resources */ = {isa = PBXBuildFile; fileRef = E9392CA91FB6804700171F5B /* Main.storyboard */; };
		E9392CAD1FB6804700171F5B /* Assets.xcassets in Resources */ = {isa = PBXBuildFile; fileRef = E9392CAC1FB6804700171F5B /* Assets.xcassets */; };
		E9392CB01FB6804700171F5B /* LaunchScreen.storyboard in Resources */ = {isa = PBXBuildFile; fileRef = E9392CAE1FB6804700171F5B /* LaunchScreen.storyboard */; };
		E9392CBB1FB6804800171F5B /* OutlinesTests.swift in Sources */ = {isa = PBXBuildFile; fileRef = E9392CBA1FB6804800171F5B /* OutlinesTests.swift */; };
		E9392CC61FB6804800171F5B /* OutlinesUITests.swift in Sources */ = {isa = PBXBuildFile; fileRef = E9392CC51FB6804800171F5B /* OutlinesUITests.swift */; };
		E94E698A1FB7AE9A0049D965 /* Outlines.xcdatamodeld in Sources */ = {isa = PBXBuildFile; fileRef = E94E69881FB7AE9A0049D965 /* Outlines.xcdatamodeld */; };
		E9510D471FC124EF009DFA2D /* CustomTableViewCell.swift in Sources */ = {isa = PBXBuildFile; fileRef = E9510D461FC124EF009DFA2D /* CustomTableViewCell.swift */; };
/* End PBXBuildFile section */

/* Begin PBXContainerItemProxy section */
		E9392CB71FB6804800171F5B /* PBXContainerItemProxy */ = {
			isa = PBXContainerItemProxy;
			containerPortal = E9392C981FB6804700171F5B /* Project object */;
			proxyType = 1;
			remoteGlobalIDString = E9392C9F1FB6804700171F5B;
			remoteInfo = Outlines;
		};
		E9392CC21FB6804800171F5B /* PBXContainerItemProxy */ = {
			isa = PBXContainerItemProxy;
			containerPortal = E9392C981FB6804700171F5B /* Project object */;
			proxyType = 1;
			remoteGlobalIDString = E9392C9F1FB6804700171F5B;
			remoteInfo = Outlines;
		};
/* End PBXContainerItemProxy section */

/* Begin PBXFileReference section */
		E92E0F1D1FBA88A100CA55DD /* Projects.swift */ = {isa = PBXFileReference; lastKnownFileType = sourcecode.swift; path = Projects.swift; sourceTree = "<group>"; };
		E92E0F1F1FBA890100CA55DD /* Hierarchies.swift */ = {isa = PBXFileReference; lastKnownFileType = sourcecode.swift; path = Hierarchies.swift; sourceTree = "<group>"; };
		E92E0F211FBA8A0200CA55DD /* Groups.swift */ = {isa = PBXFileReference; lastKnownFileType = sourcecode.swift; path = Groups.swift; sourceTree = "<group>"; };
		E92E0F231FBA8A1300CA55DD /* Tasks.swift */ = {isa = PBXFileReference; lastKnownFileType = sourcecode.swift; path = Tasks.swift; sourceTree = "<group>"; };
		E92E0F251FBA8CDD00CA55DD /* ProjectViewController.swift */ = {isa = PBXFileReference; lastKnownFileType = sourcecode.swift; path = ProjectViewController.swift; sourceTree = "<group>"; };
		E92E0F271FBA8DA000CA55DD /* FetchedResultsTableViewController.swift */ = {isa = PBXFileReference; lastKnownFileType = sourcecode.swift; name = FetchedResultsTableViewController.swift; path = "../../../../Swift Source Files/FetchedResultsTableViewController.swift"; sourceTree = "<group>"; };
		E92E0F291FBA8F1E00CA55DD /* UniversalExtentions.swift */ = {isa = PBXFileReference; lastKnownFileType = sourcecode.swift; name = UniversalExtentions.swift; path = "../../../../Swift Source Files/UniversalExtentions.swift"; sourceTree = "<group>"; };
		E92E0F2B1FBA9C0B00CA55DD /* OutlineDetailTableViewController.swift */ = {isa = PBXFileReference; lastKnownFileType = sourcecode.swift; path = OutlineDetailTableViewController.swift; sourceTree = "<group>"; };
		E9392CA01FB6804700171F5B /* Outlines.app */ = {isa = PBXFileReference; explicitFileType = wrapper.application; includeInIndex = 0; path = Outlines.app; sourceTree = BUILT_PRODUCTS_DIR; };
		E9392CA31FB6804700171F5B /* AppDelegate.swift */ = {isa = PBXFileReference; lastKnownFileType = sourcecode.swift; path = AppDelegate.swift; sourceTree = "<group>"; };
		E9392CA71FB6804700171F5B /* SecondViewController.swift */ = {isa = PBXFileReference; lastKnownFileType = sourcecode.swift; path = SecondViewController.swift; sourceTree = "<group>"; };
		E9392CAA1FB6804700171F5B /* Base */ = {isa = PBXFileReference; lastKnownFileType = file.storyboard; name = Base; path = Base.lproj/Main.storyboard; sourceTree = "<group>"; };
		E9392CAC1FB6804700171F5B /* Assets.xcassets */ = {isa = PBXFileReference; lastKnownFileType = folder.assetcatalog; path = Assets.xcassets; sourceTree = "<group>"; };
		E9392CAF1FB6804700171F5B /* Base */ = {isa = PBXFileReference; lastKnownFileType = file.storyboard; name = Base; path = Base.lproj/LaunchScreen.storyboard; sourceTree = "<group>"; };
		E9392CB11FB6804700171F5B /* Info.plist */ = {isa = PBXFileReference; lastKnownFileType = text.plist.xml; path = Info.plist; sourceTree = "<group>"; };
		E9392CB61FB6804800171F5B /* OutlinesTests.xctest */ = {isa = PBXFileReference; explicitFileType = wrapper.cfbundle; includeInIndex = 0; path = OutlinesTests.xctest; sourceTree = BUILT_PRODUCTS_DIR; };
		E9392CBA1FB6804800171F5B /* OutlinesTests.swift */ = {isa = PBXFileReference; lastKnownFileType = sourcecode.swift; path = OutlinesTests.swift; sourceTree = "<group>"; };
		E9392CBC1FB6804800171F5B /* Info.plist */ = {isa = PBXFileReference; lastKnownFileType = text.plist.xml; path = Info.plist; sourceTree = "<group>"; };
		E9392CC11FB6804800171F5B /* OutlinesUITests.xctest */ = {isa = PBXFileReference; explicitFileType = wrapper.cfbundle; includeInIndex = 0; path = OutlinesUITests.xctest; sourceTree = BUILT_PRODUCTS_DIR; };
		E9392CC51FB6804800171F5B /* OutlinesUITests.swift */ = {isa = PBXFileReference; lastKnownFileType = sourcecode.swift; path = OutlinesUITests.swift; sourceTree = "<group>"; };
		E9392CC71FB6804800171F5B /* Info.plist */ = {isa = PBXFileReference; lastKnownFileType = text.plist.xml; path = Info.plist; sourceTree = "<group>"; };
		E94E69891FB7AE9A0049D965 /* Outlines.xcdatamodel */ = {isa = PBXFileReference; lastKnownFileType = wrapper.xcdatamodel; path = Outlines.xcdatamodel; sourceTree = "<group>"; };
		E9510D461FC124EF009DFA2D /* CustomTableViewCell.swift */ = {isa = PBXFileReference; lastKnownFileType = sourcecode.swift; path = CustomTableViewCell.swift; sourceTree = "<group>"; };
/* End PBXFileReference section */

/* Begin PBXFrameworksBuildPhase section */
		E9392C9D1FB6804700171F5B /* Frameworks */ = {
			isa = PBXFrameworksBuildPhase;
			buildActionMask = 2147483647;
			files = (
			);
			runOnlyForDeploymentPostprocessing = 0;
		};
		E9392CB31FB6804800171F5B /* Frameworks */ = {
			isa = PBXFrameworksBuildPhase;
			buildActionMask = 2147483647;
			files = (
			);
			runOnlyForDeploymentPostprocessing = 0;
		};
		E9392CBE1FB6804800171F5B /* Frameworks */ = {
			isa = PBXFrameworksBuildPhase;
			buildActionMask = 2147483647;
			files = (
			);
			runOnlyForDeploymentPostprocessing = 0;
		};
/* End PBXFrameworksBuildPhase section */

/* Begin PBXGroup section */
		E9392C971FB6804700171F5B = {
			isa = PBXGroup;
			children = (
				E9392CA21FB6804700171F5B /* Outlines */,
				E9392CB91FB6804800171F5B /* OutlinesTests */,
				E9392CC41FB6804800171F5B /* OutlinesUITests */,
				E9392CA11FB6804700171F5B /* Products */,
			);
			sourceTree = "<group>";
		};
		E9392CA11FB6804700171F5B /* Products */ = {
			isa = PBXGroup;
			children = (
				E9392CA01FB6804700171F5B /* Outlines.app */,
				E9392CB61FB6804800171F5B /* OutlinesTests.xctest */,
				E9392CC11FB6804800171F5B /* OutlinesUITests.xctest */,
			);
			name = Products;
			sourceTree = "<group>";
		};
		E9392CA21FB6804700171F5B /* Outlines */ = {
			isa = PBXGroup;
			children = (
				E9392CA31FB6804700171F5B /* AppDelegate.swift */,
				E92E0F251FBA8CDD00CA55DD /* ProjectViewController.swift */,
				E92E0F2B1FBA9C0B00CA55DD /* OutlineDetailTableViewController.swift */,
				E9392CA71FB6804700171F5B /* SecondViewController.swift */,
				E9392CA91FB6804700171F5B /* Main.storyboard */,
				E9B727BF1FBA87BE002BD4DA /* Supporting Files */,
			);
			path = Outlines;
			sourceTree = "<group>";
		};
		E9392CB91FB6804800171F5B /* OutlinesTests */ = {
			isa = PBXGroup;
			children = (
				E9392CBA1FB6804800171F5B /* OutlinesTests.swift */,
				E9392CBC1FB6804800171F5B /* Info.plist */,
			);
			path = OutlinesTests;
			sourceTree = "<group>";
		};
		E9392CC41FB6804800171F5B /* OutlinesUITests */ = {
			isa = PBXGroup;
			children = (
				E9392CC51FB6804800171F5B /* OutlinesUITests.swift */,
				E9392CC71FB6804800171F5B /* Info.plist */,
			);
			path = OutlinesUITests;
			sourceTree = "<group>";
		};
		E9B727BF1FBA87BE002BD4DA /* Supporting Files */ = {
			isa = PBXGroup;
			children = (
				E9510D461FC124EF009DFA2D /* CustomTableViewCell.swift */,
				E92E0F271FBA8DA000CA55DD /* FetchedResultsTableViewController.swift */,
				E92E0F291FBA8F1E00CA55DD /* UniversalExtentions.swift */,
				E9392CAC1FB6804700171F5B /* Assets.xcassets */,
				E9392CB11FB6804700171F5B /* Info.plist */,
				E9392CAE1FB6804700171F5B /* LaunchScreen.storyboard */,
				E94E69881FB7AE9A0049D965 /* Outlines.xcdatamodeld */,
				E92E0F1D1FBA88A100CA55DD /* Projects.swift */,
				E92E0F1F1FBA890100CA55DD /* Hierarchies.swift */,
				E92E0F211FBA8A0200CA55DD /* Groups.swift */,
				E92E0F231FBA8A1300CA55DD /* Tasks.swift */,
			);
			name = "Supporting Files";
			sourceTree = "<group>";
		};
/* End PBXGroup section */

/* Begin PBXNativeTarget section */
		E9392C9F1FB6804700171F5B /* Outlines */ = {
			isa = PBXNativeTarget;
			buildConfigurationList = E9392CCA1FB6804800171F5B /* Build configuration list for PBXNativeTarget "Outlines" */;
			buildPhases = (
				E9392C9C1FB6804700171F5B /* Sources */,
				E9392C9D1FB6804700171F5B /* Frameworks */,
				E9392C9E1FB6804700171F5B /* Resources */,
			);
			buildRules = (
			);
			dependencies = (
			);
			name = Outlines;
			productName = Outlines;
			productReference = E9392CA01FB6804700171F5B /* Outlines.app */;
			productType = "com.apple.product-type.application";
		};
		E9392CB51FB6804800171F5B /* OutlinesTests */ = {
			isa = PBXNativeTarget;
			buildConfigurationList = E9392CCD1FB6804800171F5B /* Build configuration list for PBXNativeTarget "OutlinesTests" */;
			buildPhases = (
				E9392CB21FB6804800171F5B /* Sources */,
				E9392CB31FB6804800171F5B /* Frameworks */,
				E9392CB41FB6804800171F5B /* Resources */,
			);
			buildRules = (
			);
			dependencies = (
				E9392CB81FB6804800171F5B /* PBXTargetDependency */,
			);
			name = OutlinesTests;
			productName = OutlinesTests;
			productReference = E9392CB61FB6804800171F5B /* OutlinesTests.xctest */;
			productType = "com.apple.product-type.bundle.unit-test";
		};
		E9392CC01FB6804800171F5B /* OutlinesUITests */ = {
			isa = PBXNativeTarget;
			buildConfigurationList = E9392CD01FB6804800171F5B /* Build configuration list for PBXNativeTarget "OutlinesUITests" */;
			buildPhases = (
				E9392CBD1FB6804800171F5B /* Sources */,
				E9392CBE1FB6804800171F5B /* Frameworks */,
				E9392CBF1FB6804800171F5B /* Resources */,
			);
			buildRules = (
			);
			dependencies = (
				E9392CC31FB6804800171F5B /* PBXTargetDependency */,
			);
			name = OutlinesUITests;
			productName = OutlinesUITests;
			productReference = E9392CC11FB6804800171F5B /* OutlinesUITests.xctest */;
			productType = "com.apple.product-type.bundle.ui-testing";
		};
/* End PBXNativeTarget section */

/* Begin PBXProject section */
		E9392C981FB6804700171F5B /* Project object */ = {
			isa = PBXProject;
			attributes = {
				LastSwiftUpdateCheck = 0900;
				LastUpgradeCheck = 0900;
				ORGANIZATIONNAME = "Erick Sanchez";
				TargetAttributes = {
					E9392C9F1FB6804700171F5B = {
						CreatedOnToolsVersion = 9.0;
						ProvisioningStyle = Automatic;
					};
					E9392CB51FB6804800171F5B = {
						CreatedOnToolsVersion = 9.0;
						ProvisioningStyle = Automatic;
						TestTargetID = E9392C9F1FB6804700171F5B;
					};
					E9392CC01FB6804800171F5B = {
						CreatedOnToolsVersion = 9.0;
						ProvisioningStyle = Automatic;
						TestTargetID = E9392C9F1FB6804700171F5B;
					};
				};
			};
			buildConfigurationList = E9392C9B1FB6804700171F5B /* Build configuration list for PBXProject "Outlines" */;
			compatibilityVersion = "Xcode 8.0";
			developmentRegion = en;
			hasScannedForEncodings = 0;
			knownRegions = (
				en,
				Base,
			);
			mainGroup = E9392C971FB6804700171F5B;
			productRefGroup = E9392CA11FB6804700171F5B /* Products */;
			projectDirPath = "";
			projectRoot = "";
			targets = (
				E9392C9F1FB6804700171F5B /* Outlines */,
				E9392CB51FB6804800171F5B /* OutlinesTests */,
				E9392CC01FB6804800171F5B /* OutlinesUITests */,
			);
		};
/* End PBXProject section */

/* Begin PBXResourcesBuildPhase section */
		E9392C9E1FB6804700171F5B /* Resources */ = {
			isa = PBXResourcesBuildPhase;
			buildActionMask = 2147483647;
			files = (
				E9392CB01FB6804700171F5B /* LaunchScreen.storyboard in Resources */,
				E9392CAD1FB6804700171F5B /* Assets.xcassets in Resources */,
				E9392CAB1FB6804700171F5B /* Main.storyboard in Resources */,
			);
			runOnlyForDeploymentPostprocessing = 0;
		};
		E9392CB41FB6804800171F5B /* Resources */ = {
			isa = PBXResourcesBuildPhase;
			buildActionMask = 2147483647;
			files = (
			);
			runOnlyForDeploymentPostprocessing = 0;
		};
		E9392CBF1FB6804800171F5B /* Resources */ = {
			isa = PBXResourcesBuildPhase;
			buildActionMask = 2147483647;
			files = (
			);
			runOnlyForDeploymentPostprocessing = 0;
		};
/* End PBXResourcesBuildPhase section */

/* Begin PBXSourcesBuildPhase section */
		E9392C9C1FB6804700171F5B /* Sources */ = {
			isa = PBXSourcesBuildPhase;
			buildActionMask = 2147483647;
			files = (
				E94E698A1FB7AE9A0049D965 /* Outlines.xcdatamodeld in Sources */,
				E92E0F281FBA8DA000CA55DD /* FetchedResultsTableViewController.swift in Sources */,
				E92E0F2A1FBA8F1E00CA55DD /* UniversalExtentions.swift in Sources */,
				E92E0F201FBA890100CA55DD /* Hierarchies.swift in Sources */,
				E9392CA81FB6804700171F5B /* SecondViewController.swift in Sources */,
				E92E0F1E1FBA88A100CA55DD /* Projects.swift in Sources */,
				E9510D471FC124EF009DFA2D /* CustomTableViewCell.swift in Sources */,
				E92E0F261FBA8CDD00CA55DD /* ProjectViewController.swift in Sources */,
				E92E0F241FBA8A1300CA55DD /* Tasks.swift in Sources */,
				E9392CA41FB6804700171F5B /* AppDelegate.swift in Sources */,
				E92E0F221FBA8A0200CA55DD /* Groups.swift in Sources */,
				E92E0F2C1FBA9C0B00CA55DD /* OutlineDetailTableViewController.swift in Sources */,
			);
			runOnlyForDeploymentPostprocessing = 0;
		};
		E9392CB21FB6804800171F5B /* Sources */ = {
			isa = PBXSourcesBuildPhase;
			buildActionMask = 2147483647;
			files = (
				E9392CBB1FB6804800171F5B /* OutlinesTests.swift in Sources */,
			);
			runOnlyForDeploymentPostprocessing = 0;
		};
		E9392CBD1FB6804800171F5B /* Sources */ = {
			isa = PBXSourcesBuildPhase;
			buildActionMask = 2147483647;
			files = (
				E9392CC61FB6804800171F5B /* OutlinesUITests.swift in Sources */,
			);
			runOnlyForDeploymentPostprocessing = 0;
		};
/* End PBXSourcesBuildPhase section */

/* Begin PBXTargetDependency section */
		E9392CB81FB6804800171F5B /* PBXTargetDependency */ = {
			isa = PBXTargetDependency;
			target = E9392C9F1FB6804700171F5B /* Outlines */;
			targetProxy = E9392CB71FB6804800171F5B /* PBXContainerItemProxy */;
		};
		E9392CC31FB6804800171F5B /* PBXTargetDependency */ = {
			isa = PBXTargetDependency;
			target = E9392C9F1FB6804700171F5B /* Outlines */;
			targetProxy = E9392CC21FB6804800171F5B /* PBXContainerItemProxy */;
		};
/* End PBXTargetDependency section */

/* Begin PBXVariantGroup section */
		E9392CA91FB6804700171F5B /* Main.storyboard */ = {
			isa = PBXVariantGroup;
			children = (
				E9392CAA1FB6804700171F5B /* Base */,
			);
			name = Main.storyboard;
			sourceTree = "<group>";
		};
		E9392CAE1FB6804700171F5B /* LaunchScreen.storyboard */ = {
			isa = PBXVariantGroup;
			children = (
				E9392CAF1FB6804700171F5B /* Base */,
			);
			name = LaunchScreen.storyboard;
			sourceTree = "<group>";
		};
/* End PBXVariantGroup section */

/* Begin XCBuildConfiguration section */
		E9392CC81FB6804800171F5B /* Debug */ = {
			isa = XCBuildConfiguration;
			buildSettings = {
				ALWAYS_SEARCH_USER_PATHS = NO;
				CLANG_ANALYZER_NONNULL = YES;
				CLANG_ANALYZER_NUMBER_OBJECT_CONVERSION = YES_AGGRESSIVE;
				CLANG_CXX_LANGUAGE_STANDARD = "gnu++14";
				CLANG_CXX_LIBRARY = "libc++";
				CLANG_ENABLE_MODULES = YES;
				CLANG_ENABLE_OBJC_ARC = YES;
				CLANG_WARN_BLOCK_CAPTURE_AUTORELEASING = YES;
				CLANG_WARN_BOOL_CONVERSION = YES;
				CLANG_WARN_COMMA = YES;
				CLANG_WARN_CONSTANT_CONVERSION = YES;
				CLANG_WARN_DIRECT_OBJC_ISA_USAGE = YES_ERROR;
				CLANG_WARN_DOCUMENTATION_COMMENTS = YES;
				CLANG_WARN_EMPTY_BODY = YES;
				CLANG_WARN_ENUM_CONVERSION = YES;
				CLANG_WARN_INFINITE_RECURSION = YES;
				CLANG_WARN_INT_CONVERSION = YES;
				CLANG_WARN_NON_LITERAL_NULL_CONVERSION = YES;
				CLANG_WARN_OBJC_LITERAL_CONVERSION = YES;
				CLANG_WARN_OBJC_ROOT_CLASS = YES_ERROR;
				CLANG_WARN_RANGE_LOOP_ANALYSIS = YES;
				CLANG_WARN_STRICT_PROTOTYPES = YES;
				CLANG_WARN_SUSPICIOUS_MOVE = YES;
				CLANG_WARN_UNGUARDED_AVAILABILITY = YES_AGGRESSIVE;
				CLANG_WARN_UNREACHABLE_CODE = YES;
				CLANG_WARN__DUPLICATE_METHOD_MATCH = YES;
				CODE_SIGN_IDENTITY = "iPhone Developer";
				COPY_PHASE_STRIP = NO;
				DEBUG_INFORMATION_FORMAT = dwarf;
				ENABLE_STRICT_OBJC_MSGSEND = YES;
				ENABLE_TESTABILITY = YES;
				GCC_C_LANGUAGE_STANDARD = gnu11;
				GCC_DYNAMIC_NO_PIC = NO;
				GCC_NO_COMMON_BLOCKS = YES;
				GCC_OPTIMIZATION_LEVEL = 0;
				GCC_PREPROCESSOR_DEFINITIONS = (
					"DEBUG=1",
					"$(inherited)",
				);
				GCC_WARN_64_TO_32_BIT_CONVERSION = YES;
				GCC_WARN_ABOUT_RETURN_TYPE = YES_ERROR;
				GCC_WARN_UNDECLARED_SELECTOR = YES;
				GCC_WARN_UNINITIALIZED_AUTOS = YES_AGGRESSIVE;
				GCC_WARN_UNUSED_FUNCTION = YES;
				GCC_WARN_UNUSED_VARIABLE = YES;
				IPHONEOS_DEPLOYMENT_TARGET = 11.0;
				MTL_ENABLE_DEBUG_INFO = YES;
				ONLY_ACTIVE_ARCH = YES;
				SDKROOT = iphoneos;
				SWIFT_ACTIVE_COMPILATION_CONDITIONS = DEBUG;
				SWIFT_OPTIMIZATION_LEVEL = "-Onone";
			};
			name = Debug;
		};
		E9392CC91FB6804800171F5B /* Release */ = {
			isa = XCBuildConfiguration;
			buildSettings = {
				ALWAYS_SEARCH_USER_PATHS = NO;
				CLANG_ANALYZER_NONNULL = YES;
				CLANG_ANALYZER_NUMBER_OBJECT_CONVERSION = YES_AGGRESSIVE;
				CLANG_CXX_LANGUAGE_STANDARD = "gnu++14";
				CLANG_CXX_LIBRARY = "libc++";
				CLANG_ENABLE_MODULES = YES;
				CLANG_ENABLE_OBJC_ARC = YES;
				CLANG_WARN_BLOCK_CAPTURE_AUTORELEASING = YES;
				CLANG_WARN_BOOL_CONVERSION = YES;
				CLANG_WARN_COMMA = YES;
				CLANG_WARN_CONSTANT_CONVERSION = YES;
				CLANG_WARN_DIRECT_OBJC_ISA_USAGE = YES_ERROR;
				CLANG_WARN_DOCUMENTATION_COMMENTS = YES;
				CLANG_WARN_EMPTY_BODY = YES;
				CLANG_WARN_ENUM_CONVERSION = YES;
				CLANG_WARN_INFINITE_RECURSION = YES;
				CLANG_WARN_INT_CONVERSION = YES;
				CLANG_WARN_NON_LITERAL_NULL_CONVERSION = YES;
				CLANG_WARN_OBJC_LITERAL_CONVERSION = YES;
				CLANG_WARN_OBJC_ROOT_CLASS = YES_ERROR;
				CLANG_WARN_RANGE_LOOP_ANALYSIS = YES;
				CLANG_WARN_STRICT_PROTOTYPES = YES;
				CLANG_WARN_SUSPICIOUS_MOVE = YES;
				CLANG_WARN_UNGUARDED_AVAILABILITY = YES_AGGRESSIVE;
				CLANG_WARN_UNREACHABLE_CODE = YES;
				CLANG_WARN__DUPLICATE_METHOD_MATCH = YES;
				CODE_SIGN_IDENTITY = "iPhone Developer";
				COPY_PHASE_STRIP = NO;
				DEBUG_INFORMATION_FORMAT = "dwarf-with-dsym";
				ENABLE_NS_ASSERTIONS = NO;
				ENABLE_STRICT_OBJC_MSGSEND = YES;
				GCC_C_LANGUAGE_STANDARD = gnu11;
				GCC_NO_COMMON_BLOCKS = YES;
				GCC_WARN_64_TO_32_BIT_CONVERSION = YES;
				GCC_WARN_ABOUT_RETURN_TYPE = YES_ERROR;
				GCC_WARN_UNDECLARED_SELECTOR = YES;
				GCC_WARN_UNINITIALIZED_AUTOS = YES_AGGRESSIVE;
				GCC_WARN_UNUSED_FUNCTION = YES;
				GCC_WARN_UNUSED_VARIABLE = YES;
				IPHONEOS_DEPLOYMENT_TARGET = 11.0;
				MTL_ENABLE_DEBUG_INFO = NO;
				SDKROOT = iphoneos;
				SWIFT_OPTIMIZATION_LEVEL = "-Owholemodule";
				VALIDATE_PRODUCT = YES;
			};
			name = Release;
		};
		E9392CCB1FB6804800171F5B /* Debug */ = {
			isa = XCBuildConfiguration;
			buildSettings = {
				ASSETCATALOG_COMPILER_APPICON_NAME = AppIcon;
				CODE_SIGN_STYLE = Automatic;
				DEVELOPMENT_TEAM = 8U3L6K9JA6;
				INFOPLIST_FILE = Outlines/Info.plist;
				LD_RUNPATH_SEARCH_PATHS = "$(inherited) @executable_path/Frameworks";
				PRODUCT_BUNDLE_IDENTIFIER = com.linniergames.Outlines;
				PRODUCT_NAME = "$(TARGET_NAME)";
				SWIFT_VERSION = 4.0;
				TARGETED_DEVICE_FAMILY = "1,2";
			};
			name = Debug;
		};
		E9392CCC1FB6804800171F5B /* Release */ = {
			isa = XCBuildConfiguration;
			buildSettings = {
				ASSETCATALOG_COMPILER_APPICON_NAME = AppIcon;
				CODE_SIGN_STYLE = Automatic;
				DEVELOPMENT_TEAM = 8U3L6K9JA6;
				INFOPLIST_FILE = Outlines/Info.plist;
				LD_RUNPATH_SEARCH_PATHS = "$(inherited) @executable_path/Frameworks";
				PRODUCT_BUNDLE_IDENTIFIER = com.linniergames.Outlines;
				PRODUCT_NAME = "$(TARGET_NAME)";
				SWIFT_VERSION = 4.0;
				TARGETED_DEVICE_FAMILY = "1,2";
			};
			name = Release;
		};
		E9392CCE1FB6804800171F5B /* Debug */ = {
			isa = XCBuildConfiguration;
			buildSettings = {
				ALWAYS_EMBED_SWIFT_STANDARD_LIBRARIES = YES;
				BUNDLE_LOADER = "$(TEST_HOST)";
				CODE_SIGN_STYLE = Automatic;
				DEVELOPMENT_TEAM = 8U3L6K9JA6;
				INFOPLIST_FILE = OutlinesTests/Info.plist;
				LD_RUNPATH_SEARCH_PATHS = "$(inherited) @executable_path/Frameworks @loader_path/Frameworks";
				PRODUCT_BUNDLE_IDENTIFIER = com.linniergames.OutlinesTests;
				PRODUCT_NAME = "$(TARGET_NAME)";
				SWIFT_VERSION = 4.0;
				TARGETED_DEVICE_FAMILY = "1,2";
				TEST_HOST = "$(BUILT_PRODUCTS_DIR)/Outlines.app/Outlines";
			};
			name = Debug;
		};
		E9392CCF1FB6804800171F5B /* Release */ = {
			isa = XCBuildConfiguration;
			buildSettings = {
				ALWAYS_EMBED_SWIFT_STANDARD_LIBRARIES = YES;
				BUNDLE_LOADER = "$(TEST_HOST)";
				CODE_SIGN_STYLE = Automatic;
				DEVELOPMENT_TEAM = 8U3L6K9JA6;
				INFOPLIST_FILE = OutlinesTests/Info.plist;
				LD_RUNPATH_SEARCH_PATHS = "$(inherited) @executable_path/Frameworks @loader_path/Frameworks";
				PRODUCT_BUNDLE_IDENTIFIER = com.linniergames.OutlinesTests;
				PRODUCT_NAME = "$(TARGET_NAME)";
				SWIFT_VERSION = 4.0;
				TARGETED_DEVICE_FAMILY = "1,2";
				TEST_HOST = "$(BUILT_PRODUCTS_DIR)/Outlines.app/Outlines";
			};
			name = Release;
		};
		E9392CD11FB6804800171F5B /* Debug */ = {
			isa = XCBuildConfiguration;
			buildSettings = {
				ALWAYS_EMBED_SWIFT_STANDARD_LIBRARIES = YES;
				CODE_SIGN_STYLE = Automatic;
				DEVELOPMENT_TEAM = 8U3L6K9JA6;
				INFOPLIST_FILE = OutlinesUITests/Info.plist;
				LD_RUNPATH_SEARCH_PATHS = "$(inherited) @executable_path/Frameworks @loader_path/Frameworks";
				PRODUCT_BUNDLE_IDENTIFIER = com.linniergames.OutlinesUITests;
				PRODUCT_NAME = "$(TARGET_NAME)";
				SWIFT_VERSION = 4.0;
				TARGETED_DEVICE_FAMILY = "1,2";
				TEST_TARGET_NAME = Outlines;
			};
			name = Debug;
		};
		E9392CD21FB6804800171F5B /* Release */ = {
			isa = XCBuildConfiguration;
			buildSettings = {
				ALWAYS_EMBED_SWIFT_STANDARD_LIBRARIES = YES;
				CODE_SIGN_STYLE = Automatic;
				DEVELOPMENT_TEAM = 8U3L6K9JA6;
				INFOPLIST_FILE = OutlinesUITests/Info.plist;
				LD_RUNPATH_SEARCH_PATHS = "$(inherited) @executable_path/Frameworks @loader_path/Frameworks";
				PRODUCT_BUNDLE_IDENTIFIER = com.linniergames.OutlinesUITests;
				PRODUCT_NAME = "$(TARGET_NAME)";
				SWIFT_VERSION = 4.0;
				TARGETED_DEVICE_FAMILY = "1,2";
				TEST_TARGET_NAME = Outlines;
			};
			name = Release;
		};
/* End XCBuildConfiguration section */

/* Begin XCConfigurationList section */
		E9392C9B1FB6804700171F5B /* Build configuration list for PBXProject "Outlines" */ = {
			isa = XCConfigurationList;
			buildConfigurations = (
				E9392CC81FB6804800171F5B /* Debug */,
				E9392CC91FB6804800171F5B /* Release */,
			);
			defaultConfigurationIsVisible = 0;
			defaultConfigurationName = Release;
		};
		E9392CCA1FB6804800171F5B /* Build configuration list for PBXNativeTarget "Outlines" */ = {
			isa = XCConfigurationList;
			buildConfigurations = (
				E9392CCB1FB6804800171F5B /* Debug */,
				E9392CCC1FB6804800171F5B /* Release */,
			);
			defaultConfigurationIsVisible = 0;
			defaultConfigurationName = Release;
		};
		E9392CCD1FB6804800171F5B /* Build configuration list for PBXNativeTarget "OutlinesTests" */ = {
			isa = XCConfigurationList;
			buildConfigurations = (
				E9392CCE1FB6804800171F5B /* Debug */,
				E9392CCF1FB6804800171F5B /* Release */,
			);
			defaultConfigurationIsVisible = 0;
			defaultConfigurationName = Release;
		};
		E9392CD01FB6804800171F5B /* Build configuration list for PBXNativeTarget "OutlinesUITests" */ = {
			isa = XCConfigurationList;
			buildConfigurations = (
				E9392CD11FB6804800171F5B /* Debug */,
				E9392CD21FB6804800171F5B /* Release */,
			);
			defaultConfigurationIsVisible = 0;
			defaultConfigurationName = Release;
		};
/* End XCConfigurationList section */

/* Begin XCVersionGroup section */
		E94E69881FB7AE9A0049D965 /* Outlines.xcdatamodeld */ = {
			isa = XCVersionGroup;
			children = (
				E94E69891FB7AE9A0049D965 /* Outlines.xcdatamodel */,
			);
			currentVersion = E94E69891FB7AE9A0049D965 /* Outlines.xcdatamodel */;
			path = Outlines.xcdatamodeld;
			sourceTree = "<group>";
			versionGroupType = wrapper.xcdatamodel;
		};
/* End XCVersionGroup section */
	};
	rootObject = E9392C981FB6804700171F5B /* Project object */;
}
